Microsoft Visual Studio Solution File, Format Version 12.00
# Visual Studio 2012
Project("{FAE04EC0-301F-11D3-BF4B-00C04F79EFBC}") = "HeartPlatformer", "HeartPlatformer.csproj", "{ABC8E5ED-A2B9-456E-9A5A-B9495C5899CA}"
EndProject
Global
	GlobalSection(SolutionConfigurationPlatforms) = preSolution
	Debug|Any CPU = Debug|Any CPU
	ExportDebug|Any CPU = ExportDebug|Any CPU
	ExportRelease|Any CPU = ExportRelease|Any CPU
	EndGlobalSection
	GlobalSection(ProjectConfigurationPlatforms) = postSolution
		{ABC8E5ED-A2B9-456E-9A5A-B9495C5899CA}.Debug|Any CPU.ActiveCfg = Debug|Any CPU
		{ABC8E5ED-A2B9-456E-9A5A-B9495C5899CA}.Debug|Any CPU.Build.0 = Debug|Any CPU
		{ABC8E5ED-A2B9-456E-9A5A-B9495C5899CA}.ExportDebug|Any CPU.ActiveCfg = ExportDebug|Any CPU
		{ABC8E5ED-A2B9-456E-9A5A-B9495C5899CA}.ExportDebug|Any CPU.Build.0 = ExportDebug|Any CPU
		{ABC8E5ED-A2B9-456E-9A5A-B9495C5899CA}.ExportRelease|Any CPU.ActiveCfg = ExportRelease|Any CPU
		{ABC8E5ED-A2B9-456E-9A5A-B9495C5899CA}.ExportRelease|Any CPU.Build.0 = ExportRelease|Any CPU
	EndGlobalSection
EndGlobal
